
Microsoft Visual Studio Solution File, Format Version 12.00
# Visual Studio 2013
VisualStudioVersion = 12.0.21005.1
MinimumVisualStudioVersion = 10.0.40219.1
Project("{2150E333-8FDC-42A3-9474-1A3956D46DE8}") = "nuget", "nuget", "{EE4AA438-5CDC-475C-96C8-75688E9EADE1}"
	ProjectSection(SolutionItems) = preProject
		CalcBinding\CreatePackage.bat = CalcBinding\CreatePackage.bat
		CalcBinding\PublishPackage.bat = CalcBinding\PublishPackage.bat
	EndProjectSection
EndProject
Project("{FAE04EC0-301F-11D3-BF4B-00C04F79EFBC}") = "CalcBinding", "CalcBinding\CalcBinding.csproj", "{54EAD481-B6FC-41BB-ABBE-F0B33E123C61}"
EndProject
Project("{FAE04EC0-301F-11D3-BF4B-00C04F79EFBC}") = "WpfExample", "WpfExample\WpfExample.csproj", "{705D5657-B94D-4A9C-9377-37454281357D}"
EndProject
Project("{FAE04EC0-301F-11D3-BF4B-00C04F79EFBC}") = "zTests", "Tests\zTests.csproj", "{7719DA11-D048-4D6C-AFEB-8F19D8627C8C}"
EndProject
Global
	GlobalSection(SolutionConfigurationPlatforms) = preSolution
		Debug|Any CPU = Debug|Any CPU
		Debug-net3.5|Any CPU = Debug-net3.5|Any CPU
		Debug-net4.0|Any CPU = Debug-net4.0|Any CPU
		Release|Any CPU = Release|Any CPU
		Release-net3.5|Any CPU = Release-net3.5|Any CPU
		Release-net4.0|Any CPU = Release-net4.0|Any CPU
	EndGlobalSection
	GlobalSection(ProjectConfigurationPlatforms) = postSolution
		{54EAD481-B6FC-41BB-ABBE-F0B33E123C61}.Debug|Any CPU.ActiveCfg = Debug|Any CPU
		{54EAD481-B6FC-41BB-ABBE-F0B33E123C61}.Debug|Any CPU.Build.0 = Debug|Any CPU
		{54EAD481-B6FC-41BB-ABBE-F0B33E123C61}.Debug-net3.5|Any CPU.ActiveCfg = Debug-net3.5|Any CPU
		{54EAD481-B6FC-41BB-ABBE-F0B33E123C61}.Debug-net3.5|Any CPU.Build.0 = Debug-net3.5|Any CPU
		{54EAD481-B6FC-41BB-ABBE-F0B33E123C61}.Debug-net4.0|Any CPU.ActiveCfg = Debug-net4.0|Any CPU
		{54EAD481-B6FC-41BB-ABBE-F0B33E123C61}.Debug-net4.0|Any CPU.Build.0 = Debug-net4.0|Any CPU
		{54EAD481-B6FC-41BB-ABBE-F0B33E123C61}.Release|Any CPU.ActiveCfg = Release|Any CPU
		{54EAD481-B6FC-41BB-ABBE-F0B33E123C61}.Release|Any CPU.Build.0 = Release|Any CPU
		{54EAD481-B6FC-41BB-ABBE-F0B33E123C61}.Release-net3.5|Any CPU.ActiveCfg = Release-net3.5|Any CPU
		{54EAD481-B6FC-41BB-ABBE-F0B33E123C61}.Release-net3.5|Any CPU.Build.0 = Release-net3.5|Any CPU
		{54EAD481-B6FC-41BB-ABBE-F0B33E123C61}.Release-net4.0|Any CPU.ActiveCfg = Release-net4.0|Any CPU
		{54EAD481-B6FC-41BB-ABBE-F0B33E123C61}.Release-net4.0|Any CPU.Build.0 = Release-net4.0|Any CPU
		{705D5657-B94D-4A9C-9377-37454281357D}.Debug|Any CPU.ActiveCfg = Debug|Any CPU
		{705D5657-B94D-4A9C-9377-37454281357D}.Debug|Any CPU.Build.0 = Debug|Any CPU
		{705D5657-B94D-4A9C-9377-37454281357D}.Debug-net3.5|Any CPU.ActiveCfg = Debug-net3.5|Any CPU
		{705D5657-B94D-4A9C-9377-37454281357D}.Debug-net3.5|Any CPU.Build.0 = Debug-net3.5|Any CPU
		{705D5657-B94D-4A9C-9377-37454281357D}.Debug-net4.0|Any CPU.ActiveCfg = Debug-net4.0|Any CPU
		{705D5657-B94D-4A9C-9377-37454281357D}.Debug-net4.0|Any CPU.Build.0 = Debug-net4.0|Any CPU
		{705D5657-B94D-4A9C-9377-37454281357D}.Release|Any CPU.ActiveCfg = Release|Any CPU
		{705D5657-B94D-4A9C-9377-37454281357D}.Release|Any CPU.Build.0 = Release|Any CPU
		{705D5657-B94D-4A9C-9377-37454281357D}.Release-net3.5|Any CPU.ActiveCfg = Release-net3.5|Any CPU
		{705D5657-B94D-4A9C-9377-37454281357D}.Release-net3.5|Any CPU.Build.0 = Release-net3.5|Any CPU
		{705D5657-B94D-4A9C-9377-37454281357D}.Release-net4.0|Any CPU.ActiveCfg = Release-net4.0|Any CPU
		{705D5657-B94D-4A9C-9377-37454281357D}.Release-net4.0|Any CPU.Build.0 = Release-net4.0|Any CPU
		{7719DA11-D048-4D6C-AFEB-8F19D8627C8C}.Debug|Any CPU.ActiveCfg = Debug|Any CPU
		{7719DA11-D048-4D6C-AFEB-8F19D8627C8C}.Debug|Any CPU.Build.0 = Debug|Any CPU
		{7719DA11-D048-4D6C-AFEB-8F19D8627C8C}.Debug-net3.5|Any CPU.ActiveCfg = Debug-net3.5|Any CPU
		{7719DA11-D048-4D6C-AFEB-8F19D8627C8C}.Debug-net3.5|Any CPU.Build.0 = Debug-net3.5|Any CPU
		{7719DA11-D048-4D6C-AFEB-8F19D8627C8C}.Debug-net4.0|Any CPU.ActiveCfg = Debug-net4.0|Any CPU
		{7719DA11-D048-4D6C-AFEB-8F19D8627C8C}.Debug-net4.0|Any CPU.Build.0 = Debug-net4.0|Any CPU
		{7719DA11-D048-4D6C-AFEB-8F19D8627C8C}.Release|Any CPU.ActiveCfg = Release|Any CPU
		{7719DA11-D048-4D6C-AFEB-8F19D8627C8C}.Release|Any CPU.Build.0 = Release|Any CPU
		{7719DA11-D048-4D6C-AFEB-8F19D8627C8C}.Release-net3.5|Any CPU.ActiveCfg = Release-net3.5|Any CPU
		{7719DA11-D048-4D6C-AFEB-8F19D8627C8C}.Release-net3.5|Any CPU.Build.0 = Release-net3.5|Any CPU
		{7719DA11-D048-4D6C-AFEB-8F19D8627C8C}.Release-net4.0|Any CPU.ActiveCfg = Release-net4.0|Any CPU
		{7719DA11-D048-4D6C-AFEB-8F19D8627C8C}.Release-net4.0|Any CPU.Build.0 = Release-net4.0|Any CPU
	EndGlobalSection
	GlobalSection(SolutionProperties) = preSolution
		HideSolutionNode = FALSE
	EndGlobalSection
EndGlobal
