
Microsoft Visual Studio Solution File, Format Version 12.00
# Visual Studio Version 16
VisualStudioVersion = 16.0.28621.142
MinimumVisualStudioVersion = 10.0.40219.1
Project("{9A19103F-16F7-4668-BE54-9A1E7A4F7556}") = "CalcBinding", "CalcBinding\CalcBinding.csproj", "{54EAD481-B6FC-41BB-ABBE-F0B33E123C61}"
EndProject
Project("{FAE04EC0-301F-11D3-BF4B-00C04F79EFBC}") = "WpfExample", "WpfExample\WpfExample.csproj", "{705D5657-B94D-4A9C-9377-37454281357D}"
EndProject
Project("{FAE04EC0-301F-11D3-BF4B-00C04F79EFBC}") = "zTests", "Tests\zTests.csproj", "{7719DA11-D048-4D6C-AFEB-8F19D8627C8C}"
EndProject
Project("{9A19103F-16F7-4668-BE54-9A1E7A4F7556}") = "WpfExample.Core", "WpfExample.Core\WpfExample.Core.csproj", "{1A4E3F36-1D65-45F4-8A56-2EF30D79C95D}"
EndProject
Project("{9A19103F-16F7-4668-BE54-9A1E7A4F7556}") = "zTests.Core", "Tests.Core\zTests.Core.csproj", "{CB662030-1546-42F4-A7D7-FDEFB0D88E6E}"
EndProject
Global
	GlobalSection(SolutionConfigurationPlatforms) = preSolution
		Debug|Any CPU = Debug|Any CPU
		Debug-net4.0|Any CPU = Debug-net4.0|Any CPU
		Release|Any CPU = Release|Any CPU
		Release-net4.0|Any CPU = Release-net4.0|Any CPU
	EndGlobalSection
	GlobalSection(ProjectConfigurationPlatforms) = postSolution
		{54EAD481-B6FC-41BB-ABBE-F0B33E123C61}.Debug|Any CPU.ActiveCfg = Debug|Any CPU
		{54EAD481-B6FC-41BB-ABBE-F0B33E123C61}.Debug|Any CPU.Build.0 = Debug|Any CPU
		{54EAD481-B6FC-41BB-ABBE-F0B33E123C61}.Debug-net4.0|Any CPU.ActiveCfg = Debug|Any CPU
		{54EAD481-B6FC-41BB-ABBE-F0B33E123C61}.Debug-net4.0|Any CPU.Build.0 = Debug|Any CPU
		{54EAD481-B6FC-41BB-ABBE-F0B33E123C61}.Release|Any CPU.ActiveCfg = Release|Any CPU
		{54EAD481-B6FC-41BB-ABBE-F0B33E123C61}.Release|Any CPU.Build.0 = Release|Any CPU
		{54EAD481-B6FC-41BB-ABBE-F0B33E123C61}.Release-net4.0|Any CPU.ActiveCfg = Release|Any CPU
		{54EAD481-B6FC-41BB-ABBE-F0B33E123C61}.Release-net4.0|Any CPU.Build.0 = Release|Any CPU
		{705D5657-B94D-4A9C-9377-37454281357D}.Debug|Any CPU.ActiveCfg = Debug|Any CPU
		{705D5657-B94D-4A9C-9377-37454281357D}.Debug|Any CPU.Build.0 = Debug|Any CPU
		{705D5657-B94D-4A9C-9377-37454281357D}.Debug-net4.0|Any CPU.ActiveCfg = Debug-net4.0|Any CPU
		{705D5657-B94D-4A9C-9377-37454281357D}.Debug-net4.0|Any CPU.Build.0 = Debug-net4.0|Any CPU
		{705D5657-B94D-4A9C-9377-37454281357D}.Release|Any CPU.ActiveCfg = Release|Any CPU
		{705D5657-B94D-4A9C-9377-37454281357D}.Release|Any CPU.Build.0 = Release|Any CPU
		{705D5657-B94D-4A9C-9377-37454281357D}.Release-net4.0|Any CPU.ActiveCfg = Release-net4.0|Any CPU
		{705D5657-B94D-4A9C-9377-37454281357D}.Release-net4.0|Any CPU.Build.0 = Release-net4.0|Any CPU
		{7719DA11-D048-4D6C-AFEB-8F19D8627C8C}.Debug|Any CPU.ActiveCfg = Debug|Any CPU
		{7719DA11-D048-4D6C-AFEB-8F19D8627C8C}.Debug|Any CPU.Build.0 = Debug|Any CPU
		{7719DA11-D048-4D6C-AFEB-8F19D8627C8C}.Debug-net4.0|Any CPU.ActiveCfg = Debug-net4.0|Any CPU
		{7719DA11-D048-4D6C-AFEB-8F19D8627C8C}.Debug-net4.0|Any CPU.Build.0 = Debug-net4.0|Any CPU
		{7719DA11-D048-4D6C-AFEB-8F19D8627C8C}.Release|Any CPU.ActiveCfg = Release|Any CPU
		{7719DA11-D048-4D6C-AFEB-8F19D8627C8C}.Release|Any CPU.Build.0 = Release|Any CPU
		{7719DA11-D048-4D6C-AFEB-8F19D8627C8C}.Release-net4.0|Any CPU.ActiveCfg = Release-net4.0|Any CPU
		{7719DA11-D048-4D6C-AFEB-8F19D8627C8C}.Release-net4.0|Any CPU.Build.0 = Release-net4.0|Any CPU
		{1A4E3F36-1D65-45F4-8A56-2EF30D79C95D}.Debug|Any CPU.ActiveCfg = Debug|Any CPU
		{1A4E3F36-1D65-45F4-8A56-2EF30D79C95D}.Debug|Any CPU.Build.0 = Debug|Any CPU
		{1A4E3F36-1D65-45F4-8A56-2EF30D79C95D}.Debug-net4.0|Any CPU.ActiveCfg = Debug|Any CPU
		{1A4E3F36-1D65-45F4-8A56-2EF30D79C95D}.Release|Any CPU.ActiveCfg = Release|Any CPU
		{1A4E3F36-1D65-45F4-8A56-2EF30D79C95D}.Release|Any CPU.Build.0 = Release|Any CPU
		{1A4E3F36-1D65-45F4-8A56-2EF30D79C95D}.Release-net4.0|Any CPU.ActiveCfg = Release|Any CPU
		{CB662030-1546-42F4-A7D7-FDEFB0D88E6E}.Debug|Any CPU.ActiveCfg = Debug|Any CPU
		{CB662030-1546-42F4-A7D7-FDEFB0D88E6E}.Debug|Any CPU.Build.0 = Debug|Any CPU
		{CB662030-1546-42F4-A7D7-FDEFB0D88E6E}.Debug-net4.0|Any CPU.ActiveCfg = Debug|Any CPU
		{CB662030-1546-42F4-A7D7-FDEFB0D88E6E}.Release|Any CPU.ActiveCfg = Release|Any CPU
		{CB662030-1546-42F4-A7D7-FDEFB0D88E6E}.Release|Any CPU.Build.0 = Release|Any CPU
		{CB662030-1546-42F4-A7D7-FDEFB0D88E6E}.Release-net4.0|Any CPU.ActiveCfg = Release|Any CPU
	EndGlobalSection
	GlobalSection(SolutionProperties) = preSolution
		HideSolutionNode = FALSE
	EndGlobalSection
	GlobalSection(ExtensibilityGlobals) = postSolution
		SolutionGuid = {1A9B5220-493F-4082-9CE6-2C97C98667C1}
	EndGlobalSection
EndGlobal
